
Microsoft Visual Studio Solution File, Format Version 12.00
# Visual Studio 14
VisualStudioVersion = 14.0.25420.1
MinimumVisualStudioVersion = 10.0.40219.1
Project("{FAE04EC0-301F-11D3-BF4B-00C04F79EFBC}") = "CSharpDll", "CSharpDll.csproj", "{F5D46BA1-6F21-40EF-9695-46105CCACD08}"
EndProject
Project("{911E67C6-3D85-4FCE-B560-20A9C3E3FF48}") = "MusicBee", "D:\musicbee\MusicBee.exe", "{AF38CDD9-A4FB-4CB6-A8EF-31D8C89F4D99}"
	ProjectSection(DebuggerProjectSystem) = preProject
		PortSupplier = 00000000-0000-0000-0000-000000000000
		Executable = D:\musicbee\MusicBee.exe
		RemoteMachine = SAFFRON
		StartingDirectory = D:\musicbee
		Environment = Default
		LaunchingEngine = 00000000-0000-0000-0000-000000000000
		UseLegacyDebugEngines = No
		LaunchSQLEngine = No
		AttachLaunchAction = No
	EndProjectSection
EndProject
Project("{2150E333-8FDC-42A3-9474-1A3956D46DE8}") = "Solution Items", "Solution Items", "{6EA27668-5274-4602-B190-78A07EDCFDDA}"
EndProject
Global
	GlobalSection(SolutionConfigurationPlatforms) = preSolution
		Debug|Any CPU = Debug|Any CPU
		Debug|x86 = Debug|x86
		Release|Any CPU = Release|Any CPU
		Release|x86 = Release|x86
	EndGlobalSection
	GlobalSection(ProjectConfigurationPlatforms) = postSolution
		{F5D46BA1-6F21-40EF-9695-46105CCACD08}.Debug|Any CPU.ActiveCfg = Debug|Any CPU
		{F5D46BA1-6F21-40EF-9695-46105CCACD08}.Debug|Any CPU.Build.0 = Debug|Any CPU
		{F5D46BA1-6F21-40EF-9695-46105CCACD08}.Debug|x86.ActiveCfg = Debug|x86
		{F5D46BA1-6F21-40EF-9695-46105CCACD08}.Debug|x86.Build.0 = Debug|x86
		{F5D46BA1-6F21-40EF-9695-46105CCACD08}.Release|Any CPU.ActiveCfg = Release|Any CPU
		{F5D46BA1-6F21-40EF-9695-46105CCACD08}.Release|Any CPU.Build.0 = Release|Any CPU
		{F5D46BA1-6F21-40EF-9695-46105CCACD08}.Release|x86.ActiveCfg = Release|x86
		{F5D46BA1-6F21-40EF-9695-46105CCACD08}.Release|x86.Build.0 = Release|x86
		{AF38CDD9-A4FB-4CB6-A8EF-31D8C89F4D99}.Debug|Any CPU.ActiveCfg = Release|x86
		{AF38CDD9-A4FB-4CB6-A8EF-31D8C89F4D99}.Debug|x86.ActiveCfg = Release|x86
		{AF38CDD9-A4FB-4CB6-A8EF-31D8C89F4D99}.Release|Any CPU.ActiveCfg = Release|x86
		{AF38CDD9-A4FB-4CB6-A8EF-31D8C89F4D99}.Release|x86.ActiveCfg = Release|x86
	EndGlobalSection
	GlobalSection(SolutionProperties) = preSolution
		HideSolutionNode = FALSE
	EndGlobalSection
EndGlobal
